{
  "name": "propeller-home-server",
  "version": "0.1.0",
  "lockfileVersion": 2,
  "requires": true,
  "packages": {
    "": {
      "version": "0.1.0",
      "dependencies": {
        "@rails/actioncable": "^6.0.0",
        "@rails/activestorage": "^6.0.0",
        "@rails/ujs": "^6.0.0",
        "turbolinks": "^5.2.0",
        "yarn": "^1.22.10"
      }
    },
    "node_modules/@rails/actioncable": {
      "version": "6.0.4",
      "resolved": "https://registry.npmjs.org/@rails/actioncable/-/actioncable-6.0.4.tgz",
      "integrity": "sha512-dTirb2EMt/YPVkEZp3GSXwjR+dYjbK0b0NtupEiuwj5dsffFfRnvtPK/aqLibZH6J3G8EAHnuoAaTF0neq2ggw=="
    },
    "node_modules/@rails/activestorage": {
      "version": "6.0.4",
      "resolved": "https://registry.npmjs.org/@rails/activestorage/-/activestorage-6.0.4.tgz",
      "integrity": "sha512-hMhIMZzNQJ7MulJzH555PxCYhCsVI+OUMgKBNHeIX88DsTQSBjIyn5kAAIXs4ERlmOUKeYFadU9MBZ86J3ULUg==",
      "dependencies": {
        "spark-md5": "^3.0.0"
      }
    },
    "node_modules/@rails/ujs": {
      "version": "6.0.4",
      "resolved": "https://registry.npmjs.org/@rails/ujs/-/ujs-6.0.4.tgz",
      "integrity": "sha512-pi6BTIAuMAgfh0tz9jHyKwuzT8HKWlZdfI6/pxcR+NWRuTyN9psYmxskP2QnxFehSkSuvQmQuKv3Hyrs13l3xQ=="
    },
    "node_modules/spark-md5": {
      "version": "3.0.1",
      "resolved": "https://registry.npmjs.org/spark-md5/-/spark-md5-3.0.1.tgz",
      "integrity": "sha512-0tF3AGSD1ppQeuffsLDIOWlKUd3lS92tFxcsrh5Pe3ZphhnoK+oXIBTzOAThZCiuINZLvpiLH/1VS1/ANEJVig=="
    },
    "node_modules/turbolinks": {
      "version": "5.2.0",
      "resolved": "https://registry.npmjs.org/turbolinks/-/turbolinks-5.2.0.tgz",
      "integrity": "sha512-pMiez3tyBo6uRHFNNZoYMmrES/IaGgMhQQM+VFF36keryjb5ms0XkVpmKHkfW/4Vy96qiGW3K9bz0tF5sK9bBw=="
    },
    "node_modules/yarn": {
      "version": "1.22.10",
      "resolved": "https://registry.npmjs.org/yarn/-/yarn-1.22.10.tgz",
      "integrity": "sha512-IanQGI9RRPAN87VGTF7zs2uxkSyQSrSPsju0COgbsKQOOXr5LtcVPeyXWgwVa0ywG3d8dg6kSYKGBuYK021qeA==",
      "hasInstallScript": true,
      "bin": {
        "yarn": "bin/yarn.js",
        "yarnpkg": "bin/yarn.js"
      },
      "engines": {
        "node": ">=4.0.0"
      }
    }
  },
  "dependencies": {
    "@rails/actioncable": {
      "version": "6.0.4",
      "resolved": "https://registry.npmjs.org/@rails/actioncable/-/actioncable-6.0.4.tgz",
      "integrity": "sha512-dTirb2EMt/YPVkEZp3GSXwjR+dYjbK0b0NtupEiuwj5dsffFfRnvtPK/aqLibZH6J3G8EAHnuoAaTF0neq2ggw=="
    },
    "@rails/activestorage": {
      "version": "6.0.4",
      "resolved": "https://registry.npmjs.org/@rails/activestorage/-/activestorage-6.0.4.tgz",
      "integrity": "sha512-hMhIMZzNQJ7MulJzH555PxCYhCsVI+OUMgKBNHeIX88DsTQSBjIyn5kAAIXs4ERlmOUKeYFadU9MBZ86J3ULUg==",
      "requires": {
        "spark-md5": "^3.0.0"
      }
    },
    "@rails/ujs": {
      "version": "6.0.4",
      "resolved": "https://registry.npmjs.org/@rails/ujs/-/ujs-6.0.4.tgz",
      "integrity": "sha512-pi6BTIAuMAgfh0tz9jHyKwuzT8HKWlZdfI6/pxcR+NWRuTyN9psYmxskP2QnxFehSkSuvQmQuKv3Hyrs13l3xQ=="
    },
    "spark-md5": {
      "version": "3.0.1",
      "resolved": "https://registry.npmjs.org/spark-md5/-/spark-md5-3.0.1.tgz",
      "integrity": "sha512-0tF3AGSD1ppQeuffsLDIOWlKUd3lS92tFxcsrh5Pe3ZphhnoK+oXIBTzOAThZCiuINZLvpiLH/1VS1/ANEJVig=="
    },
    "turbolinks": {
      "version": "5.2.0",
      "resolved": "https://registry.npmjs.org/turbolinks/-/turbolinks-5.2.0.tgz",
      "integrity": "sha512-pMiez3tyBo6uRHFNNZoYMmrES/IaGgMhQQM+VFF36keryjb5ms0XkVpmKHkfW/4Vy96qiGW3K9bz0tF5sK9bBw=="
    },
    "yarn": {
      "version": "1.22.10",
      "resolved": "https://registry.npmjs.org/yarn/-/yarn-1.22.10.tgz",
      "integrity": "sha512-IanQGI9RRPAN87VGTF7zs2uxkSyQSrSPsju0COgbsKQOOXr5LtcVPeyXWgwVa0ywG3d8dg6kSYKGBuYK021qeA=="
    }
  }
}
